github.com/dlclark/regexp2 v1.12.0 h1:0j4c5qQmnC6XOWNjP3PIXURXN2gWx76rd3KvgdPkCz8=
github.com/dlclark/regexp2 v1.12.0/go.mod h1:DHkYz0B9wPfa6wondMfaivmHpzrQ3v9q8cnmRbL6yW8=
github.com/iancoleman/orderedmap v0.3.0 h1:5cbR2grmZR/DiVt+VJopEhtVs9YGInGIxAoMJn+Ichc=
github.com/iancoleman/orderedmap v0.3.0/go.mod h1:XuLcCUkdL5owUCQeF2Ue9uuw1EptkJDkXXS7VoV7XGE=
github.com/pt-main/lc v0.9.12 h1:UyJzpWCLX3udkmzlOrKHHmv14T5AY37aqfoacKj5pFg=
github.com/pt-main/lc v0.9.12/go.mod h1:o13MmuO89/L2uFUWP89KfH+2PnuBFblvPHz01iaHr5w=
github.com/pt-main/lc v0.10.1 h1:OFD9GOWI7DxUrfd2JnmZucgxrAOwU44+prCCksnqc3I=
github.com/pt-main/lc v0.10.1/go.mod h1:o13MmuO89/L2uFUWP89KfH+2PnuBFblvPHz01iaHr5w=
github.com/pt-main/lc v1.1.2 h1:KLb2SBLHznNKxugVLOJnqFu41W3vQrQlZHOXKgOObQA=
github.com/pt-main/lc v1.1.2/go.mod h1:dYB+bRC8vbcBuZ1IibkmoN9u8hvf4CosGLYoj4W8fpU=
github.com/pt-main/lc v1.5.4 h1:PLrlu7uvKP4lcNB/xxPghnY91vxxf7X1PJB0vNQskk0=
github.com/pt-main/lc v1.5.4/go.mod h1:uUxWI4oiOkia6Tko+cgF+O3fhGZF3of1NSHeTEjOaMU=
github.com/pt-main/tap v0.7.2 h1:4HHIPydzCm3Txbx6mdyeIsUiXZsl7MfuQpI4/mRqL6E=
github.com/pt-main/tap v0.7.2/go.mod h1:oL9GBibdabChx8EbP2M2+c22CnWBF+7xuZ40hIkHtnI=
github.com/pt-main/tap v1.1.0 h1:EG66Z00uZIUM5QGcbpNXjeQN/Hs/tRH4GDHg9KQsDgw=
github.com/pt-main/tap v1.1.0/go.mod h1:oL9GBibdabChx8EbP2M2+c22CnWBF+7xuZ40hIkHtnI=
github.com/pt-main/tap v1.1.1 h1:aYFGwKHb/CAQgGoUC4qkO91SM5Oljy1P3LRCwS/TTV8=
github.com/pt-main/tap v1.1.1/go.mod h1:oL9GBibdabChx8EbP2M2+c22CnWBF+7xuZ40hIkHtnI=
github.com/pt-main/tap v1.1.5 h1:BeV9Ur5GxfDE90OxHvHQoAjQJ/98EHWSrxkNXz7tC4g=
github.com/pt-main/tap v1.1.5/go.mod h1:oL9GBibdabChx8EbP2M2+c22CnWBF+7xuZ40hIkHtnI=
github.com/pt-main/tap v1.4.10 h1:4ROxXKlNAYV6MBjbjZfKM4Dyu2m3RUuTj3/AAYMFKwk=
github.com/pt-main/tap v1.4.10/go.mod h1:ULQUJ/+8VIji9oq26pr1cmbXv+VUlhjsvq1n/vd4f3I=
